
Microsoft Visual Studio Solution File, Format Version 12.00
# Visual Studio Version 16
VisualStudioVersion = 16.0.30611.23
MinimumVisualStudioVersion = 10.0.40219.1
Project("{FAE04EC0-301F-11D3-BF4B-00C04F79EFBC}") = "Example_1(ConsoleApp)", "Example_1(ConsoleApp).csproj", "{8A538FC3-EA11-4220-9283-A3D49A246DF6}"
EndProject
Project("{FAE04EC0-301F-11D3-BF4B-00C04F79EFBC}") = "Library", "..\Library\Library.csproj", "{2F60E49E-ACB5-474C-BAD7-097774423CCF}"
EndProject
Project("{FAE04EC0-301F-11D3-BF4B-00C04F79EFBC}") = "Example-2(WebApplication)", "..\Example-2(WebApplication)\Example-2(WebApplication).csproj", "{9108ABA7-AB90-4AE5-933D-89862A67518A}"
EndProject
Project("{FAE04EC0-301F-11D3-BF4B-00C04F79EFBC}") = "Library2", "..\Library2\Library2.csproj", "{84F2B983-97CB-4204-90C4-E3E056ECA2D2}"
EndProject
Project("{9A19103F-16F7-4668-BE54-9A1E7A4F7556}") = "FirstWebApplication", "..\..\..\All Projects\Practice\FirstWebApplication\FirstWebApplication\FirstWebApplication.csproj", "{D40BEC81-6166-4272-B170-DA0C33B0EFE6}"
EndProject
Project("{9A19103F-16F7-4668-BE54-9A1E7A4F7556}") = "Accessories", "..\..\..\All Projects\Practice\FirstWebApplication\Accessories\Accessories.csproj", "{C00F8445-B53E-4998-A64C-2D483C4F7860}"
EndProject
Global
	GlobalSection(SolutionConfigurationPlatforms) = preSolution
		Debug|Any CPU = Debug|Any CPU
		Release|Any CPU = Release|Any CPU
	EndGlobalSection
	GlobalSection(ProjectConfigurationPlatforms) = postSolution
		{8A538FC3-EA11-4220-9283-A3D49A246DF6}.Debug|Any CPU.ActiveCfg = Debug|Any CPU
		{8A538FC3-EA11-4220-9283-A3D49A246DF6}.Debug|Any CPU.Build.0 = Debug|Any CPU
		{8A538FC3-EA11-4220-9283-A3D49A246DF6}.Release|Any CPU.ActiveCfg = Release|Any CPU
		{8A538FC3-EA11-4220-9283-A3D49A246DF6}.Release|Any CPU.Build.0 = Release|Any CPU
		{2F60E49E-ACB5-474C-BAD7-097774423CCF}.Debug|Any CPU.ActiveCfg = Debug|Any CPU
		{2F60E49E-ACB5-474C-BAD7-097774423CCF}.Debug|Any CPU.Build.0 = Debug|Any CPU
		{2F60E49E-ACB5-474C-BAD7-097774423CCF}.Release|Any CPU.ActiveCfg = Release|Any CPU
		{2F60E49E-ACB5-474C-BAD7-097774423CCF}.Release|Any CPU.Build.0 = Release|Any CPU
		{9108ABA7-AB90-4AE5-933D-89862A67518A}.Debug|Any CPU.ActiveCfg = Debug|Any CPU
		{9108ABA7-AB90-4AE5-933D-89862A67518A}.Debug|Any CPU.Build.0 = Debug|Any CPU
		{9108ABA7-AB90-4AE5-933D-89862A67518A}.Release|Any CPU.ActiveCfg = Release|Any CPU
		{9108ABA7-AB90-4AE5-933D-89862A67518A}.Release|Any CPU.Build.0 = Release|Any CPU
		{84F2B983-97CB-4204-90C4-E3E056ECA2D2}.Debug|Any CPU.ActiveCfg = Debug|Any CPU
		{84F2B983-97CB-4204-90C4-E3E056ECA2D2}.Debug|Any CPU.Build.0 = Debug|Any CPU
		{84F2B983-97CB-4204-90C4-E3E056ECA2D2}.Release|Any CPU.ActiveCfg = Release|Any CPU
		{84F2B983-97CB-4204-90C4-E3E056ECA2D2}.Release|Any CPU.Build.0 = Release|Any CPU
		{D40BEC81-6166-4272-B170-DA0C33B0EFE6}.Debug|Any CPU.ActiveCfg = Debug|Any CPU
		{D40BEC81-6166-4272-B170-DA0C33B0EFE6}.Debug|Any CPU.Build.0 = Debug|Any CPU
		{D40BEC81-6166-4272-B170-DA0C33B0EFE6}.Release|Any CPU.ActiveCfg = Release|Any CPU
		{D40BEC81-6166-4272-B170-DA0C33B0EFE6}.Release|Any CPU.Build.0 = Release|Any CPU
		{C00F8445-B53E-4998-A64C-2D483C4F7860}.Debug|Any CPU.ActiveCfg = Debug|Any CPU
		{C00F8445-B53E-4998-A64C-2D483C4F7860}.Debug|Any CPU.Build.0 = Debug|Any CPU
		{C00F8445-B53E-4998-A64C-2D483C4F7860}.Release|Any CPU.ActiveCfg = Release|Any CPU
		{C00F8445-B53E-4998-A64C-2D483C4F7860}.Release|Any CPU.Build.0 = Release|Any CPU
	EndGlobalSection
	GlobalSection(SolutionProperties) = preSolution
		HideSolutionNode = FALSE
	EndGlobalSection
	GlobalSection(ExtensibilityGlobals) = postSolution
		SolutionGuid = {3B58E17F-0256-45C0-AA21-B0A74DE7040E}
	EndGlobalSection
EndGlobal
